
Microsoft Visual Studio Solution File, Format Version 12.00
# Visual Studio Version 17
VisualStudioVersion = 17.6.33815.320
MinimumVisualStudioVersion = 10.0.40219.1
Project("{FAE04EC0-301F-11D3-BF4B-00C04F79EFBC}") = "OnlineMessageManagement", "OnlineMessageManagement\OnlineMessageManagement.csproj", "{23B7DAE0-4A25-421B-9F3A-F644C48E96D9}"
EndProject
Global
	GlobalSection(SolutionConfigurationPlatforms) = preSolution
		Debug|Any CPU = Debug|Any CPU
		Release|Any CPU = Release|Any CPU
	EndGlobalSection
	GlobalSection(ProjectConfigurationPlatforms) = postSolution
		{23B7DAE0-4A25-421B-9F3A-F644C48E96D9}.Debug|Any CPU.ActiveCfg = Debug|Any CPU
		{23B7DAE0-4A25-421B-9F3A-F644C48E96D9}.Debug|Any CPU.Build.0 = Debug|Any CPU
		{23B7DAE0-4A25-421B-9F3A-F644C48E96D9}.Release|Any CPU.ActiveCfg = Release|Any CPU
		{23B7DAE0-4A25-421B-9F3A-F644C48E96D9}.Release|Any CPU.Build.0 = Release|Any CPU
	EndGlobalSection
	GlobalSection(SolutionProperties) = preSolution
		HideSolutionNode = FALSE
	EndGlobalSection
	GlobalSection(ExtensibilityGlobals) = postSolution
		SolutionGuid = {D3698C7B-2E98-4FA3-AE7B-B7717D2AD1E3}
	EndGlobalSection
EndGlobal
