
Microsoft Visual Studio Solution File, Format Version 12.00
# Visual Studio Version 17
VisualStudioVersion = 17.6.33815.320
MinimumVisualStudioVersion = 10.0.40219.1
Project("{FAE04EC0-301F-11D3-BF4B-00C04F79EFBC}") = "msgWorkerBulk", "msgWorkerBulk\msgWorkerBulk.csproj", "{C03334A0-8B02-4079-8A9A-71DD02837EEF}"
EndProject
Global
	GlobalSection(SolutionConfigurationPlatforms) = preSolution
		Debug|Any CPU = Debug|Any CPU
		Release|Any CPU = Release|Any CPU
	EndGlobalSection
	GlobalSection(ProjectConfigurationPlatforms) = postSolution
		{C03334A0-8B02-4079-8A9A-71DD02837EEF}.Debug|Any CPU.ActiveCfg = Debug|Any CPU
		{C03334A0-8B02-4079-8A9A-71DD02837EEF}.Debug|Any CPU.Build.0 = Debug|Any CPU
		{C03334A0-8B02-4079-8A9A-71DD02837EEF}.Release|Any CPU.ActiveCfg = Release|Any CPU
		{C03334A0-8B02-4079-8A9A-71DD02837EEF}.Release|Any CPU.Build.0 = Release|Any CPU
	EndGlobalSection
	GlobalSection(SolutionProperties) = preSolution
		HideSolutionNode = FALSE
	EndGlobalSection
	GlobalSection(ExtensibilityGlobals) = postSolution
		SolutionGuid = {6FB33089-8B6E-4201-8942-DE423E3BC85B}
	EndGlobalSection
EndGlobal
